
Microsoft Visual Studio Solution File, Format Version 12.00
# Visual Studio Version 16
VisualStudioVersion = 16.0.29102.190
MinimumVisualStudioVersion = 10.0.40219.1
Project("{2150E333-8FDC-42A3-9474-1A3956D46DE8}") = "PL", "PL", "{786B745D-9817-4CCC-BDBC-07CD16B63F7E}"
EndProject
Project("{2150E333-8FDC-42A3-9474-1A3956D46DE8}") = "BLL", "BLL", "{A63E6A2C-5673-466B-BAA2-473A46EF6E99}"
EndProject
Project("{FAE04EC0-301F-11D3-BF4B-00C04F79EFBC}") = "ConsolePL", "PL\ConsolePL\ConsolePL.csproj", "{F012BFEB-CDB2-433F-BA23-41573A078136}"
EndProject
Project("{FAE04EC0-301F-11D3-BF4B-00C04F79EFBC}") = "Users.BLL", "BLL\UserLogic\Users.BLL.csproj", "{76737E25-044F-4B23-AB6A-2146E0A471AD}"
EndProject
Project("{2150E333-8FDC-42A3-9474-1A3956D46DE8}") = "DAL", "DAL", "{31A014EC-6DDC-49AA-A399-C7886F104220}"
EndProject
Project("{2150E333-8FDC-42A3-9474-1A3956D46DE8}") = "Common", "Common", "{9AB7CEC6-6792-43C9-B485-5D352392CD32}"
EndProject
Project("{FAE04EC0-301F-11D3-BF4B-00C04F79EFBC}") = "Users.Common", "Common\Dependensies\Users.Common.csproj", "{C3458585-84AD-4B20-B838-D6E2A5426EB3}"
EndProject
Project("{FAE04EC0-301F-11D3-BF4B-00C04F79EFBC}") = "Users.Entities", "Entities\Entities\Users.Entities.csproj", "{A91AA46D-3585-4B66-AAE6-AB517C899DE4}"
EndProject
Project("{FAE04EC0-301F-11D3-BF4B-00C04F79EFBC}") = "Users.DAL", "DAL\UserDAO\Users.DAL.csproj", "{C1A5223F-78DC-4EBE-B05A-CA85F0A2E5B2}"
EndProject
Project("{FAE04EC0-301F-11D3-BF4B-00C04F79EFBC}") = "Award.Entities", "Common\Award.Entities\Award.Entities.csproj", "{4AFA4869-58C6-4CDB-9E8D-F2CD025351F2}"
EndProject
Global
	GlobalSection(SolutionConfigurationPlatforms) = preSolution
		Debug|Any CPU = Debug|Any CPU
		Release|Any CPU = Release|Any CPU
	EndGlobalSection
	GlobalSection(ProjectConfigurationPlatforms) = postSolution
		{F012BFEB-CDB2-433F-BA23-41573A078136}.Debug|Any CPU.ActiveCfg = Debug|Any CPU
		{F012BFEB-CDB2-433F-BA23-41573A078136}.Debug|Any CPU.Build.0 = Debug|Any CPU
		{F012BFEB-CDB2-433F-BA23-41573A078136}.Release|Any CPU.ActiveCfg = Release|Any CPU
		{F012BFEB-CDB2-433F-BA23-41573A078136}.Release|Any CPU.Build.0 = Release|Any CPU
		{76737E25-044F-4B23-AB6A-2146E0A471AD}.Debug|Any CPU.ActiveCfg = Debug|Any CPU
		{76737E25-044F-4B23-AB6A-2146E0A471AD}.Debug|Any CPU.Build.0 = Debug|Any CPU
		{76737E25-044F-4B23-AB6A-2146E0A471AD}.Release|Any CPU.ActiveCfg = Release|Any CPU
		{76737E25-044F-4B23-AB6A-2146E0A471AD}.Release|Any CPU.Build.0 = Release|Any CPU
		{C3458585-84AD-4B20-B838-D6E2A5426EB3}.Debug|Any CPU.ActiveCfg = Debug|Any CPU
		{C3458585-84AD-4B20-B838-D6E2A5426EB3}.Debug|Any CPU.Build.0 = Debug|Any CPU
		{C3458585-84AD-4B20-B838-D6E2A5426EB3}.Release|Any CPU.ActiveCfg = Release|Any CPU
		{C3458585-84AD-4B20-B838-D6E2A5426EB3}.Release|Any CPU.Build.0 = Release|Any CPU
		{A91AA46D-3585-4B66-AAE6-AB517C899DE4}.Debug|Any CPU.ActiveCfg = Debug|Any CPU
		{A91AA46D-3585-4B66-AAE6-AB517C899DE4}.Debug|Any CPU.Build.0 = Debug|Any CPU
		{A91AA46D-3585-4B66-AAE6-AB517C899DE4}.Release|Any CPU.ActiveCfg = Release|Any CPU
		{A91AA46D-3585-4B66-AAE6-AB517C899DE4}.Release|Any CPU.Build.0 = Release|Any CPU
		{C1A5223F-78DC-4EBE-B05A-CA85F0A2E5B2}.Debug|Any CPU.ActiveCfg = Debug|Any CPU
		{C1A5223F-78DC-4EBE-B05A-CA85F0A2E5B2}.Debug|Any CPU.Build.0 = Debug|Any CPU
		{C1A5223F-78DC-4EBE-B05A-CA85F0A2E5B2}.Release|Any CPU.ActiveCfg = Release|Any CPU
		{C1A5223F-78DC-4EBE-B05A-CA85F0A2E5B2}.Release|Any CPU.Build.0 = Release|Any CPU
		{4AFA4869-58C6-4CDB-9E8D-F2CD025351F2}.Debug|Any CPU.ActiveCfg = Debug|Any CPU
		{4AFA4869-58C6-4CDB-9E8D-F2CD025351F2}.Debug|Any CPU.Build.0 = Debug|Any CPU
		{4AFA4869-58C6-4CDB-9E8D-F2CD025351F2}.Release|Any CPU.ActiveCfg = Release|Any CPU
		{4AFA4869-58C6-4CDB-9E8D-F2CD025351F2}.Release|Any CPU.Build.0 = Release|Any CPU
	EndGlobalSection
	GlobalSection(SolutionProperties) = preSolution
		HideSolutionNode = FALSE
	EndGlobalSection
	GlobalSection(NestedProjects) = preSolution
		{F012BFEB-CDB2-433F-BA23-41573A078136} = {786B745D-9817-4CCC-BDBC-07CD16B63F7E}
		{76737E25-044F-4B23-AB6A-2146E0A471AD} = {A63E6A2C-5673-466B-BAA2-473A46EF6E99}
		{C3458585-84AD-4B20-B838-D6E2A5426EB3} = {9AB7CEC6-6792-43C9-B485-5D352392CD32}
		{A91AA46D-3585-4B66-AAE6-AB517C899DE4} = {9AB7CEC6-6792-43C9-B485-5D352392CD32}
		{C1A5223F-78DC-4EBE-B05A-CA85F0A2E5B2} = {31A014EC-6DDC-49AA-A399-C7886F104220}
		{4AFA4869-58C6-4CDB-9E8D-F2CD025351F2} = {9AB7CEC6-6792-43C9-B485-5D352392CD32}
	EndGlobalSection
	GlobalSection(ExtensibilityGlobals) = postSolution
		SolutionGuid = {3286278E-810F-44D6-B110-4FDBC644BD76}
	EndGlobalSection
EndGlobal
