
Microsoft Visual Studio Solution File, Format Version 12.00
# Visual Studio Version 16
VisualStudioVersion = 16.0.29001.49
MinimumVisualStudioVersion = 10.0.40219.1
Project("{9A19103F-16F7-4668-BE54-9A1E7A4F7556}") = "Task31", "Task31.csproj", "{9E0223ED-1A08-4DF0-B0DB-E4E28DF38B71}"
EndProject
Project("{9A19103F-16F7-4668-BE54-9A1E7A4F7556}") = "Task32", "..\Task32\Task32.csproj", "{21405665-672F-4FF4-ADF5-D000C2EB3994}"
EndProject
Project("{FAE04EC0-301F-11D3-BF4B-00C04F79EFBC}") = "Task33", "..\Task33\Task33.csproj", "{95B89391-C9F4-4321-847E-181874C4C2CF}"
EndProject
Global
	GlobalSection(SolutionConfigurationPlatforms) = preSolution
		Debug|Any CPU = Debug|Any CPU
		Release|Any CPU = Release|Any CPU
	EndGlobalSection
	GlobalSection(ProjectConfigurationPlatforms) = postSolution
		{9E0223ED-1A08-4DF0-B0DB-E4E28DF38B71}.Debug|Any CPU.ActiveCfg = Debug|Any CPU
		{9E0223ED-1A08-4DF0-B0DB-E4E28DF38B71}.Debug|Any CPU.Build.0 = Debug|Any CPU
		{9E0223ED-1A08-4DF0-B0DB-E4E28DF38B71}.Release|Any CPU.ActiveCfg = Release|Any CPU
		{9E0223ED-1A08-4DF0-B0DB-E4E28DF38B71}.Release|Any CPU.Build.0 = Release|Any CPU
		{21405665-672F-4FF4-ADF5-D000C2EB3994}.Debug|Any CPU.ActiveCfg = Debug|Any CPU
		{21405665-672F-4FF4-ADF5-D000C2EB3994}.Debug|Any CPU.Build.0 = Debug|Any CPU
		{21405665-672F-4FF4-ADF5-D000C2EB3994}.Release|Any CPU.ActiveCfg = Release|Any CPU
		{21405665-672F-4FF4-ADF5-D000C2EB3994}.Release|Any CPU.Build.0 = Release|Any CPU
		{95B89391-C9F4-4321-847E-181874C4C2CF}.Debug|Any CPU.ActiveCfg = Debug|Any CPU
		{95B89391-C9F4-4321-847E-181874C4C2CF}.Debug|Any CPU.Build.0 = Debug|Any CPU
		{95B89391-C9F4-4321-847E-181874C4C2CF}.Release|Any CPU.ActiveCfg = Release|Any CPU
		{95B89391-C9F4-4321-847E-181874C4C2CF}.Release|Any CPU.Build.0 = Release|Any CPU
	EndGlobalSection
	GlobalSection(SolutionProperties) = preSolution
		HideSolutionNode = FALSE
	EndGlobalSection
	GlobalSection(ExtensibilityGlobals) = postSolution
		SolutionGuid = {550FC1E0-0D46-46FB-87E3-EB60F1D254BD}
	EndGlobalSection
EndGlobal
