
Microsoft Visual Studio Solution File, Format Version 12.00
# Visual Studio Version 16
VisualStudioVersion = 16.0.29102.190
MinimumVisualStudioVersion = 10.0.40219.1
Project("{9A19103F-16F7-4668-BE54-9A1E7A4F7556}") = "Task42", "Task42.csproj", "{4583CDB3-70FC-477C-8A20-87823C8D86BE}"
EndProject
Global
	GlobalSection(SolutionConfigurationPlatforms) = preSolution
		Debug|Any CPU = Debug|Any CPU
		Release|Any CPU = Release|Any CPU
	EndGlobalSection
	GlobalSection(ProjectConfigurationPlatforms) = postSolution
		{4583CDB3-70FC-477C-8A20-87823C8D86BE}.Debug|Any CPU.ActiveCfg = Debug|Any CPU
		{4583CDB3-70FC-477C-8A20-87823C8D86BE}.Debug|Any CPU.Build.0 = Debug|Any CPU
		{4583CDB3-70FC-477C-8A20-87823C8D86BE}.Release|Any CPU.ActiveCfg = Release|Any CPU
		{4583CDB3-70FC-477C-8A20-87823C8D86BE}.Release|Any CPU.Build.0 = Release|Any CPU
	EndGlobalSection
	GlobalSection(SolutionProperties) = preSolution
		HideSolutionNode = FALSE
	EndGlobalSection
	GlobalSection(ExtensibilityGlobals) = postSolution
		SolutionGuid = {45E31D1F-19B9-4621-8356-F3B68AC94AAF}
	EndGlobalSection
EndGlobal
