
Microsoft Visual Studio Solution File, Format Version 12.00
# Visual Studio Version 16
VisualStudioVersion = 16.0.29001.49
MinimumVisualStudioVersion = 10.0.40219.1
Project("{9A19103F-16F7-4668-BE54-9A1E7A4F7556}") = "Task21", "Task21.csproj", "{225D0C25-B449-4567-80D7-3ABBE6314D48}"
EndProject
Project("{9A19103F-16F7-4668-BE54-9A1E7A4F7556}") = "Task22", "..\Task22\Task22.csproj", "{B3CF6499-9422-46DC-A3D0-1E82653DE5F2}"
EndProject
Project("{9A19103F-16F7-4668-BE54-9A1E7A4F7556}") = "Task23", "..\Task23\Task23.csproj", "{24FB52F7-C63B-45B1-9E96-790FA048D197}"
EndProject
Project("{9A19103F-16F7-4668-BE54-9A1E7A4F7556}") = "Task24", "..\Task24\Task24.csproj", "{2233EBA5-6BB4-45A5-87D4-8DD4B150338B}"
EndProject
Project("{9A19103F-16F7-4668-BE54-9A1E7A4F7556}") = "Task25", "..\Task25\Task25.csproj", "{6B05CFF6-4A4A-4761-AFED-C0003A5A1E2D}"
EndProject
Project("{9A19103F-16F7-4668-BE54-9A1E7A4F7556}") = "Task26", "..\Task26\Task26.csproj", "{1948E9D5-B8C7-47E0-AA7F-E06EB52A637E}"
EndProject
Project("{9A19103F-16F7-4668-BE54-9A1E7A4F7556}") = "Task27", "..\Task27\Task27.csproj", "{78AFF944-82C8-4CDA-B604-C726E1F508B1}"
EndProject
Project("{9A19103F-16F7-4668-BE54-9A1E7A4F7556}") = "Task28", "..\Task28\Task28.csproj", "{836E8CCA-60FE-4066-AAAE-8FF01ACE2988}"
EndProject
Project("{FAE04EC0-301F-11D3-BF4B-00C04F79EFBC}") = "Game", "..\Game\Game.csproj", "{F6F1A956-AF70-4623-B6E0-C79FD4A9AA29}"
EndProject
Global
	GlobalSection(SolutionConfigurationPlatforms) = preSolution
		Debug|Any CPU = Debug|Any CPU
		Release|Any CPU = Release|Any CPU
	EndGlobalSection
	GlobalSection(ProjectConfigurationPlatforms) = postSolution
		{225D0C25-B449-4567-80D7-3ABBE6314D48}.Debug|Any CPU.ActiveCfg = Debug|Any CPU
		{225D0C25-B449-4567-80D7-3ABBE6314D48}.Debug|Any CPU.Build.0 = Debug|Any CPU
		{225D0C25-B449-4567-80D7-3ABBE6314D48}.Release|Any CPU.ActiveCfg = Release|Any CPU
		{225D0C25-B449-4567-80D7-3ABBE6314D48}.Release|Any CPU.Build.0 = Release|Any CPU
		{B3CF6499-9422-46DC-A3D0-1E82653DE5F2}.Debug|Any CPU.ActiveCfg = Debug|Any CPU
		{B3CF6499-9422-46DC-A3D0-1E82653DE5F2}.Debug|Any CPU.Build.0 = Debug|Any CPU
		{B3CF6499-9422-46DC-A3D0-1E82653DE5F2}.Release|Any CPU.ActiveCfg = Release|Any CPU
		{B3CF6499-9422-46DC-A3D0-1E82653DE5F2}.Release|Any CPU.Build.0 = Release|Any CPU
		{24FB52F7-C63B-45B1-9E96-790FA048D197}.Debug|Any CPU.ActiveCfg = Debug|Any CPU
		{24FB52F7-C63B-45B1-9E96-790FA048D197}.Debug|Any CPU.Build.0 = Debug|Any CPU
		{24FB52F7-C63B-45B1-9E96-790FA048D197}.Release|Any CPU.ActiveCfg = Release|Any CPU
		{24FB52F7-C63B-45B1-9E96-790FA048D197}.Release|Any CPU.Build.0 = Release|Any CPU
		{2233EBA5-6BB4-45A5-87D4-8DD4B150338B}.Debug|Any CPU.ActiveCfg = Debug|Any CPU
		{2233EBA5-6BB4-45A5-87D4-8DD4B150338B}.Debug|Any CPU.Build.0 = Debug|Any CPU
		{2233EBA5-6BB4-45A5-87D4-8DD4B150338B}.Release|Any CPU.ActiveCfg = Release|Any CPU
		{2233EBA5-6BB4-45A5-87D4-8DD4B150338B}.Release|Any CPU.Build.0 = Release|Any CPU
		{6B05CFF6-4A4A-4761-AFED-C0003A5A1E2D}.Debug|Any CPU.ActiveCfg = Debug|Any CPU
		{6B05CFF6-4A4A-4761-AFED-C0003A5A1E2D}.Debug|Any CPU.Build.0 = Debug|Any CPU
		{6B05CFF6-4A4A-4761-AFED-C0003A5A1E2D}.Release|Any CPU.ActiveCfg = Release|Any CPU
		{6B05CFF6-4A4A-4761-AFED-C0003A5A1E2D}.Release|Any CPU.Build.0 = Release|Any CPU
		{1948E9D5-B8C7-47E0-AA7F-E06EB52A637E}.Debug|Any CPU.ActiveCfg = Debug|Any CPU
		{1948E9D5-B8C7-47E0-AA7F-E06EB52A637E}.Debug|Any CPU.Build.0 = Debug|Any CPU
		{1948E9D5-B8C7-47E0-AA7F-E06EB52A637E}.Release|Any CPU.ActiveCfg = Release|Any CPU
		{1948E9D5-B8C7-47E0-AA7F-E06EB52A637E}.Release|Any CPU.Build.0 = Release|Any CPU
		{78AFF944-82C8-4CDA-B604-C726E1F508B1}.Debug|Any CPU.ActiveCfg = Debug|Any CPU
		{78AFF944-82C8-4CDA-B604-C726E1F508B1}.Debug|Any CPU.Build.0 = Debug|Any CPU
		{78AFF944-82C8-4CDA-B604-C726E1F508B1}.Release|Any CPU.ActiveCfg = Release|Any CPU
		{78AFF944-82C8-4CDA-B604-C726E1F508B1}.Release|Any CPU.Build.0 = Release|Any CPU
		{836E8CCA-60FE-4066-AAAE-8FF01ACE2988}.Debug|Any CPU.ActiveCfg = Debug|Any CPU
		{836E8CCA-60FE-4066-AAAE-8FF01ACE2988}.Debug|Any CPU.Build.0 = Debug|Any CPU
		{836E8CCA-60FE-4066-AAAE-8FF01ACE2988}.Release|Any CPU.ActiveCfg = Release|Any CPU
		{836E8CCA-60FE-4066-AAAE-8FF01ACE2988}.Release|Any CPU.Build.0 = Release|Any CPU
		{F6F1A956-AF70-4623-B6E0-C79FD4A9AA29}.Debug|Any CPU.ActiveCfg = Debug|Any CPU
		{F6F1A956-AF70-4623-B6E0-C79FD4A9AA29}.Debug|Any CPU.Build.0 = Debug|Any CPU
		{F6F1A956-AF70-4623-B6E0-C79FD4A9AA29}.Release|Any CPU.ActiveCfg = Release|Any CPU
		{F6F1A956-AF70-4623-B6E0-C79FD4A9AA29}.Release|Any CPU.Build.0 = Release|Any CPU
	EndGlobalSection
	GlobalSection(SolutionProperties) = preSolution
		HideSolutionNode = FALSE
	EndGlobalSection
	GlobalSection(ExtensibilityGlobals) = postSolution
		SolutionGuid = {B8A2F9A7-ED04-49CD-AC2B-8CD147FFD869}
	EndGlobalSection
EndGlobal
