
Microsoft Visual Studio Solution File, Format Version 12.00
# Visual Studio Version 16
VisualStudioVersion = 16.0.29102.190
MinimumVisualStudioVersion = 10.0.40219.1
Project("{FAE04EC0-301F-11D3-BF4B-00C04F79EFBC}") = "Task51", "Task51.csproj", "{0D1D3E3A-468F-4854-BB7A-3CDF53CE0801}"
EndProject
Global
	GlobalSection(SolutionConfigurationPlatforms) = preSolution
		Debug|Any CPU = Debug|Any CPU
		Release|Any CPU = Release|Any CPU
	EndGlobalSection
	GlobalSection(ProjectConfigurationPlatforms) = postSolution
		{0D1D3E3A-468F-4854-BB7A-3CDF53CE0801}.Debug|Any CPU.ActiveCfg = Debug|Any CPU
		{0D1D3E3A-468F-4854-BB7A-3CDF53CE0801}.Debug|Any CPU.Build.0 = Debug|Any CPU
		{0D1D3E3A-468F-4854-BB7A-3CDF53CE0801}.Release|Any CPU.ActiveCfg = Release|Any CPU
		{0D1D3E3A-468F-4854-BB7A-3CDF53CE0801}.Release|Any CPU.Build.0 = Release|Any CPU
	EndGlobalSection
	GlobalSection(SolutionProperties) = preSolution
		HideSolutionNode = FALSE
	EndGlobalSection
	GlobalSection(ExtensibilityGlobals) = postSolution
		SolutionGuid = {FDDB31FC-444D-4080-8670-11EBF5323FF4}
	EndGlobalSection
EndGlobal
