
Microsoft Visual Studio Solution File, Format Version 12.00
# Visual Studio Version 16
VisualStudioVersion = 16.0.29102.190
MinimumVisualStudioVersion = 10.0.40219.1
Project("{FAE04EC0-301F-11D3-BF4B-00C04F79EFBC}") = "Task33", "Task33.csproj", "{5481E9D6-6AD4-469E-B353-0AD90F915594}"
EndProject
Global
	GlobalSection(SolutionConfigurationPlatforms) = preSolution
		Debug|Any CPU = Debug|Any CPU
		Release|Any CPU = Release|Any CPU
	EndGlobalSection
	GlobalSection(ProjectConfigurationPlatforms) = postSolution
		{5481E9D6-6AD4-469E-B353-0AD90F915594}.Debug|Any CPU.ActiveCfg = Debug|Any CPU
		{5481E9D6-6AD4-469E-B353-0AD90F915594}.Debug|Any CPU.Build.0 = Debug|Any CPU
		{5481E9D6-6AD4-469E-B353-0AD90F915594}.Release|Any CPU.ActiveCfg = Release|Any CPU
		{5481E9D6-6AD4-469E-B353-0AD90F915594}.Release|Any CPU.Build.0 = Release|Any CPU
	EndGlobalSection
	GlobalSection(SolutionProperties) = preSolution
		HideSolutionNode = FALSE
	EndGlobalSection
	GlobalSection(ExtensibilityGlobals) = postSolution
		SolutionGuid = {BC597149-2E9B-4F18-A5B9-E832DC1F8420}
	EndGlobalSection
EndGlobal
